
Microsoft Visual Studio Solution File, Format Version 12.00
# Visual Studio 15
VisualStudioVersion = 15.0.26730.16
MinimumVisualStudioVersion = 10.0.40219.1
Project("{2150E333-8FDC-42A3-9474-1A3956D46DE8}") = "01-Data", "01-Data", "{200F8410-578C-4910-B4CA-953E7443E9A9}"
EndProject
Project("{2150E333-8FDC-42A3-9474-1A3956D46DE8}") = "02-Business", "02-Business", "{0839B53B-98F3-411F-A71F-1B0352EB9FCF}"
EndProject
Project("{2150E333-8FDC-42A3-9474-1A3956D46DE8}") = "03-Presentation", "03-Presentation", "{37FE4C53-D5F2-46BF-8714-A0988BC20639}"
EndProject
Project("{FAE04EC0-301F-11D3-BF4B-00C04F79EFBC}") = "Data.Domain", "Data.Domain\Data.Domain.csproj", "{B28DA1AB-95AE-482E-B734-E5B3549375CC}"
EndProject
Project("{FAE04EC0-301F-11D3-BF4B-00C04F79EFBC}") = "Data.Persistence", "Data.Persistence\Data.Persistence.csproj", "{6DBC5C21-F0DF-41A8-BA1E-6893B1EAB2F2}"
EndProject
Project("{FAE04EC0-301F-11D3-BF4B-00C04F79EFBC}") = "Business", "Business\Business.csproj", "{F88A7F95-1BBB-4D76-8928-B09C7CE8C1F5}"
EndProject
Global
	GlobalSection(SolutionConfigurationPlatforms) = preSolution
		Debug|Any CPU = Debug|Any CPU
		Release|Any CPU = Release|Any CPU
	EndGlobalSection
	GlobalSection(ProjectConfigurationPlatforms) = postSolution
		{B28DA1AB-95AE-482E-B734-E5B3549375CC}.Debug|Any CPU.ActiveCfg = Debug|Any CPU
		{B28DA1AB-95AE-482E-B734-E5B3549375CC}.Debug|Any CPU.Build.0 = Debug|Any CPU
		{B28DA1AB-95AE-482E-B734-E5B3549375CC}.Release|Any CPU.ActiveCfg = Release|Any CPU
		{B28DA1AB-95AE-482E-B734-E5B3549375CC}.Release|Any CPU.Build.0 = Release|Any CPU
		{6DBC5C21-F0DF-41A8-BA1E-6893B1EAB2F2}.Debug|Any CPU.ActiveCfg = Debug|Any CPU
		{6DBC5C21-F0DF-41A8-BA1E-6893B1EAB2F2}.Debug|Any CPU.Build.0 = Debug|Any CPU
		{6DBC5C21-F0DF-41A8-BA1E-6893B1EAB2F2}.Release|Any CPU.ActiveCfg = Release|Any CPU
		{6DBC5C21-F0DF-41A8-BA1E-6893B1EAB2F2}.Release|Any CPU.Build.0 = Release|Any CPU
		{F88A7F95-1BBB-4D76-8928-B09C7CE8C1F5}.Debug|Any CPU.ActiveCfg = Debug|Any CPU
		{F88A7F95-1BBB-4D76-8928-B09C7CE8C1F5}.Debug|Any CPU.Build.0 = Debug|Any CPU
		{F88A7F95-1BBB-4D76-8928-B09C7CE8C1F5}.Release|Any CPU.ActiveCfg = Release|Any CPU
		{F88A7F95-1BBB-4D76-8928-B09C7CE8C1F5}.Release|Any CPU.Build.0 = Release|Any CPU
	EndGlobalSection
	GlobalSection(SolutionProperties) = preSolution
		HideSolutionNode = FALSE
	EndGlobalSection
	GlobalSection(NestedProjects) = preSolution
		{B28DA1AB-95AE-482E-B734-E5B3549375CC} = {200F8410-578C-4910-B4CA-953E7443E9A9}
		{6DBC5C21-F0DF-41A8-BA1E-6893B1EAB2F2} = {200F8410-578C-4910-B4CA-953E7443E9A9}
		{F88A7F95-1BBB-4D76-8928-B09C7CE8C1F5} = {0839B53B-98F3-411F-A71F-1B0352EB9FCF}
	EndGlobalSection
	GlobalSection(ExtensibilityGlobals) = postSolution
		SolutionGuid = {E3BF7B10-E7A4-4757-9CC9-01EDC952B22E}
	EndGlobalSection
EndGlobal
